
Microsoft Visual Studio Solution File, Format Version 12.00
# Visual Studio Version 16
VisualStudioVersion = 16.0.29613.14
MinimumVisualStudioVersion = 10.0.40219.1
Project("{FAE04EC0-301F-11D3-BF4B-00C04F79EFBC}") = "RabbitExp003Consumer", "RabbitExp003Consumer\RabbitExp003Consumer.csproj", "{22B6631F-2A09-4603-B854-E86E437AE901}"
EndProject
Global
	GlobalSection(SolutionConfigurationPlatforms) = preSolution
		Debug|Any CPU = Debug|Any CPU
		Release|Any CPU = Release|Any CPU
	EndGlobalSection
	GlobalSection(ProjectConfigurationPlatforms) = postSolution
		{22B6631F-2A09-4603-B854-E86E437AE901}.Debug|Any CPU.ActiveCfg = Debug|Any CPU
		{22B6631F-2A09-4603-B854-E86E437AE901}.Debug|Any CPU.Build.0 = Debug|Any CPU
		{22B6631F-2A09-4603-B854-E86E437AE901}.Release|Any CPU.ActiveCfg = Release|Any CPU
		{22B6631F-2A09-4603-B854-E86E437AE901}.Release|Any CPU.Build.0 = Release|Any CPU
	EndGlobalSection
	GlobalSection(SolutionProperties) = preSolution
		HideSolutionNode = FALSE
	EndGlobalSection
	GlobalSection(ExtensibilityGlobals) = postSolution
		SolutionGuid = {1FF14EDF-FBEE-4961-A49F-7559FADB00E0}
	EndGlobalSection
EndGlobal
